
Microsoft Visual Studio Solution File, Format Version 12.00
# Visual Studio Version 16
VisualStudioVersion = 16.0.30503.244
MinimumVisualStudioVersion = 10.0.40219.1
Project("{FAE04EC0-301F-11D3-BF4B-00C04F79EFBC}") = "ConsoleApp", "ConsoleApp\ConsoleApp.csproj", "{E6A9F086-F17A-49F3-B553-27F3A04D26D8}"
EndProject
Project("{FAE04EC0-301F-11D3-BF4B-00C04F79EFBC}") = "SKU_Calculator", "SKU_Calculator\SKU_Calculator.csproj", "{F32151AE-482A-42BC-A524-EB283C79B4CE}"
EndProject
Project("{FAE04EC0-301F-11D3-BF4B-00C04F79EFBC}") = "SKU_Calculator_Test", "SKU_Calculator_Test\SKU_Calculator_Test.csproj", "{42498578-598B-4947-9E53-AEC436D3E237}"
EndProject
Global
	GlobalSection(SolutionConfigurationPlatforms) = preSolution
		Debug|Any CPU = Debug|Any CPU
		Release|Any CPU = Release|Any CPU
	EndGlobalSection
	GlobalSection(ProjectConfigurationPlatforms) = postSolution
		{E6A9F086-F17A-49F3-B553-27F3A04D26D8}.Debug|Any CPU.ActiveCfg = Debug|Any CPU
		{E6A9F086-F17A-49F3-B553-27F3A04D26D8}.Debug|Any CPU.Build.0 = Debug|Any CPU
		{E6A9F086-F17A-49F3-B553-27F3A04D26D8}.Release|Any CPU.ActiveCfg = Release|Any CPU
		{E6A9F086-F17A-49F3-B553-27F3A04D26D8}.Release|Any CPU.Build.0 = Release|Any CPU
		{F32151AE-482A-42BC-A524-EB283C79B4CE}.Debug|Any CPU.ActiveCfg = Debug|Any CPU
		{F32151AE-482A-42BC-A524-EB283C79B4CE}.Debug|Any CPU.Build.0 = Debug|Any CPU
		{F32151AE-482A-42BC-A524-EB283C79B4CE}.Release|Any CPU.ActiveCfg = Release|Any CPU
		{F32151AE-482A-42BC-A524-EB283C79B4CE}.Release|Any CPU.Build.0 = Release|Any CPU
		{42498578-598B-4947-9E53-AEC436D3E237}.Debug|Any CPU.ActiveCfg = Debug|Any CPU
		{42498578-598B-4947-9E53-AEC436D3E237}.Debug|Any CPU.Build.0 = Debug|Any CPU
		{42498578-598B-4947-9E53-AEC436D3E237}.Release|Any CPU.ActiveCfg = Release|Any CPU
		{42498578-598B-4947-9E53-AEC436D3E237}.Release|Any CPU.Build.0 = Release|Any CPU
	EndGlobalSection
	GlobalSection(SolutionProperties) = preSolution
		HideSolutionNode = FALSE
	EndGlobalSection
	GlobalSection(ExtensibilityGlobals) = postSolution
		SolutionGuid = {C5E58267-15C7-465D-944F-5DAAFD5AFDB4}
	EndGlobalSection
EndGlobal
